// !$*UTF8*$!
{
	archiveVersion = 1;
	classes = {
	};
	objectVersion = 50;
	objects = {

/* Begin PBXBuildFile section */
		99E5DC6323AD00AC0067936D /* AppDelegate.swift in Sources */ = {isa = PBXBuildFile; fileRef = 99E5DC6223AD00AC0067936D /* AppDelegate.swift */; };
		99E5DC6523AD00AC0067936D /* ViewController.swift in Sources */ = {isa = PBXBuildFile; fileRef = 99E5DC6423AD00AC0067936D /* ViewController.swift */; };
		99E5DC6823AD00AC0067936D /* Main.storyboard in Resources */ = {isa = PBXBuildFile; fileRef = 99E5DC6623AD00AC0067936D /* Main.storyboard */; };
		99E5DC6A23AD00AF0067936D /* Assets.xcassets in Resources */ = {isa = PBXBuildFile; fileRef = 99E5DC6923AD00AF0067936D /* Assets.xcassets */; };
		99E5DC6D23AD00AF0067936D /* LaunchScreen.storyboard in Resources */ = {isa = PBXBuildFile; fileRef = 99E5DC6B23AD00AF0067936D /* LaunchScreen.storyboard */; };
		99E5DC7823AD00AF0067936D /* SampleTests.swift in Sources */ = {isa = PBXBuildFile; fileRef = 99E5DC7723AD00AF0067936D /* SampleTests.swift */; };
		99E5DC8323AD00AF0067936D /* SampleUITests.swift in Sources */ = {isa = PBXBuildFile; fileRef = 99E5DC8223AD00AF0067936D /* SampleUITests.swift */; };
/* End PBXBuildFile section */

/* Begin PBXContainerItemProxy section */
		99E5DC7423AD00AF0067936D /* PBXContainerItemProxy */ = {
			isa = PBXContainerItemProxy;
			containerPortal = 99E5DC5723AD00AC0067936D /* Project object */;
			proxyType = 1;
			remoteGlobalIDString = 99E5DC5E23AD00AC0067936D;
			remoteInfo = Sample;
		};
		99E5DC7F23AD00AF0067936D /* PBXContainerItemProxy */ = {
			isa = PBXContainerItemProxy;
			containerPortal = 99E5DC5723AD00AC0067936D /* Project object */;
			proxyType = 1;
			remoteGlobalIDString = 99E5DC5E23AD00AC0067936D;
			remoteInfo = Sample;
		};
/* End PBXContainerItemProxy section */

/* Begin PBXFileReference section */
		99E5DC5F23AD00AC0067936D /* Sample.app */ = {isa = PBXFileReference; explicitFileType = wrapper.application; includeInIndex = 0; path = Sample.app; sourceTree = BUILT_PRODUCTS_DIR; };
		99E5DC6223AD00AC0067936D /* AppDelegate.swift */ = {isa = PBXFileReference; lastKnownFileType = sourcecode.swift; path = AppDelegate.swift; sourceTree = "<group>"; };
		99E5DC6423AD00AC0067936D /* ViewController.swift */ = {isa = PBXFileReference; lastKnownFileType = sourcecode.swift; path = ViewController.swift; sourceTree = "<group>"; };
		99E5DC6723AD00AC0067936D /* Base */ = {isa = PBXFileReference; lastKnownFileType = file.storyboard; name = Base; path = Base.lproj/Main.storyboard; sourceTree = "<group>"; };
		99E5DC6923AD00AF0067936D /* Assets.xcassets */ = {isa = PBXFileReference; lastKnownFileType = folder.assetcatalog; path = Assets.xcassets; sourceTree = "<group>"; };
		99E5DC6C23AD00AF0067936D /* Base */ = {isa = PBXFileReference; lastKnownFileType = file.storyboard; name = Base; path = Base.lproj/LaunchScreen.storyboard; sourceTree = "<group>"; };
		99E5DC6E23AD00AF0067936D /* Info.plist */ = {isa = PBXFileReference; lastKnownFileType = text.plist.xml; path = Info.plist; sourceTree = "<group>"; };
		99E5DC7323AD00AF0067936D /* SampleTests.xctest */ = {isa = PBXFileReference; explicitFileType = wrapper.cfbundle; includeInIndex = 0; path = SampleTests.xctest; sourceTree = BUILT_PRODUCTS_DIR; };
		99E5DC7723AD00AF0067936D /* SampleTests.swift */ = {isa = PBXFileReference; lastKnownFileType = sourcecode.swift; path = SampleTests.swift; sourceTree = "<group>"; };
		99E5DC7923AD00AF0067936D /* Info.plist */ = {isa = PBXFileReference; lastKnownFileType = text.plist.xml; path = Info.plist; sourceTree = "<group>"; };
		99E5DC7E23AD00AF0067936D /* SampleUITests.xctest */ = {isa = PBXFileReference; explicitFileType = wrapper.cfbundle; includeInIndex = 0; path = SampleUITests.xctest; sourceTree = BUILT_PRODUCTS_DIR; };
		99E5DC8223AD00AF0067936D /* SampleUITests.swift */ = {isa = PBXFileReference; lastKnownFileType = sourcecode.swift; path = SampleUITests.swift; sourceTree = "<group>"; };
		99E5DC8423AD00AF0067936D /* Info.plist */ = {isa = PBXFileReference; lastKnownFileType = text.plist.xml; path = Info.plist; sourceTree = "<group>"; };
		99E5DC9323AD03B90067936D /* Sample.entitlements */ = {isa = PBXFileReference; lastKnownFileType = text.plist.entitlements; path = Sample.entitlements; sourceTree = "<group>"; };
/* End PBXFileReference section */

/* Begin PBXFrameworksBuildPhase section */
		99E5DC5C23AD00AC0067936D /* Frameworks */ = {
			isa = PBXFrameworksBuildPhase;
			buildActionMask = 2147483647;
			files = (
			);
			runOnlyForDeploymentPostprocessing = 0;
		};
		99E5DC7023AD00AF0067936D /* Frameworks */ = {
			isa = PBXFrameworksBuildPhase;
			buildActionMask = 2147483647;
			files = (
			);
			runOnlyForDeploymentPostprocessing = 0;
		};
		99E5DC7B23AD00AF0067936D /* Frameworks */ = {
			isa = PBXFrameworksBuildPhase;
			buildActionMask = 2147483647;
			files = (
			);
			runOnlyForDeploymentPostprocessing = 0;
		};
/* End PBXFrameworksBuildPhase section */

/* Begin PBXGroup section */
		99E5DC5623AD00AC0067936D = {
			isa = PBXGroup;
			children = (
				99E5DC6123AD00AC0067936D /* Sample */,
				99E5DC7623AD00AF0067936D /* SampleTests */,
				99E5DC8123AD00AF0067936D /* SampleUITests */,
				99E5DC6023AD00AC0067936D /* Products */,
				99E5DC9023AD03B90067936D /* Frameworks */,
			);
			sourceTree = "<group>";
		};
		99E5DC6023AD00AC0067936D /* Products */ = {
			isa = PBXGroup;
			children = (
				99E5DC5F23AD00AC0067936D /* Sample.app */,
				99E5DC7323AD00AF0067936D /* SampleTests.xctest */,
				99E5DC7E23AD00AF0067936D /* SampleUITests.xctest */,
			);
			name = Products;
			sourceTree = "<group>";
		};
		99E5DC6123AD00AC0067936D /* Sample */ = {
			isa = PBXGroup;
			children = (
				99E5DC9323AD03B90067936D /* Sample.entitlements */,
				99E5DC6223AD00AC0067936D /* AppDelegate.swift */,
				99E5DC6423AD00AC0067936D /* ViewController.swift */,
				99E5DC6623AD00AC0067936D /* Main.storyboard */,
				99E5DC6923AD00AF0067936D /* Assets.xcassets */,
				99E5DC6B23AD00AF0067936D /* LaunchScreen.storyboard */,
				99E5DC6E23AD00AF0067936D /* Info.plist */,
			);
			path = Sample;
			sourceTree = "<group>";
		};
		99E5DC7623AD00AF0067936D /* SampleTests */ = {
			isa = PBXGroup;
			children = (
				99E5DC7723AD00AF0067936D /* SampleTests.swift */,
				99E5DC7923AD00AF0067936D /* Info.plist */,
			);
			path = SampleTests;
			sourceTree = "<group>";
		};
		99E5DC8123AD00AF0067936D /* SampleUITests */ = {
			isa = PBXGroup;
			children = (
				99E5DC8223AD00AF0067936D /* SampleUITests.swift */,
				99E5DC8423AD00AF0067936D /* Info.plist */,
			);
			path = SampleUITests;
			sourceTree = "<group>";
		};
		99E5DC9023AD03B90067936D /* Frameworks */ = {
			isa = PBXGroup;
			children = (
			);
			name = Frameworks;
			sourceTree = "<group>";
		};
/* End PBXGroup section */

/* Begin PBXNativeTarget section */
		99E5DC5E23AD00AC0067936D /* Sample */ = {
			isa = PBXNativeTarget;
			buildConfigurationList = 99E5DC8723AD00AF0067936D /* Build configuration list for PBXNativeTarget "Sample" */;
			buildPhases = (
				99E5DC5B23AD00AC0067936D /* Sources */,
				99E5DC5C23AD00AC0067936D /* Frameworks */,
				99E5DC5D23AD00AC0067936D /* Resources */,
			);
			buildRules = (
			);
			dependencies = (
			);
			name = Sample;
			productName = Sample;
			productReference = 99E5DC5F23AD00AC0067936D /* Sample.app */;
			productType = "com.apple.product-type.application";
		};
		99E5DC7223AD00AF0067936D /* SampleTests */ = {
			isa = PBXNativeTarget;
			buildConfigurationList = 99E5DC8A23AD00AF0067936D /* Build configuration list for PBXNativeTarget "SampleTests" */;
			buildPhases = (
				99E5DC6F23AD00AF0067936D /* Sources */,
				99E5DC7023AD00AF0067936D /* Frameworks */,
				99E5DC7123AD00AF0067936D /* Resources */,
			);
			buildRules = (
			);
			dependencies = (
				99E5DC7523AD00AF0067936D /* PBXTargetDependency */,
			);
			name = SampleTests;
			productName = SampleTests;
			productReference = 99E5DC7323AD00AF0067936D /* SampleTests.xctest */;
			productType = "com.apple.product-type.bundle.unit-test";
		};
		99E5DC7D23AD00AF0067936D /* SampleUITests */ = {
			isa = PBXNativeTarget;
			buildConfigurationList = 99E5DC8D23AD00AF0067936D /* Build configuration list for PBXNativeTarget "SampleUITests" */;
			buildPhases = (
				99E5DC7A23AD00AF0067936D /* Sources */,
				99E5DC7B23AD00AF0067936D /* Frameworks */,
				99E5DC7C23AD00AF0067936D /* Resources */,
			);
			buildRules = (
			);
			dependencies = (
				99E5DC8023AD00AF0067936D /* PBXTargetDependency */,
			);
			name = SampleUITests;
			productName = SampleUITests;
			productReference = 99E5DC7E23AD00AF0067936D /* SampleUITests.xctest */;
			productType = "com.apple.product-type.bundle.ui-testing";
		};
/* End PBXNativeTarget section */

/* Begin PBXProject section */
		99E5DC5723AD00AC0067936D /* Project object */ = {
			isa = PBXProject;
			attributes = {
				LastSwiftUpdateCheck = 1030;
				LastUpgradeCheck = 1030;
				ORGANIZATIONNAME = Suneth;
				TargetAttributes = {
					99E5DC5E23AD00AC0067936D = {
						CreatedOnToolsVersion = 10.3;
						SystemCapabilities = {
							com.apple.HealthKit = {
								enabled = 0;
							};
						};
					};
					99E5DC7223AD00AF0067936D = {
						CreatedOnToolsVersion = 10.3;
						TestTargetID = 99E5DC5E23AD00AC0067936D;
					};
					99E5DC7D23AD00AF0067936D = {
						CreatedOnToolsVersion = 10.3;
						TestTargetID = 99E5DC5E23AD00AC0067936D;
					};
				};
			};
			buildConfigurationList = 99E5DC5A23AD00AC0067936D /* Build configuration list for PBXProject "Sample" */;
			compatibilityVersion = "Xcode 9.3";
			developmentRegion = en;
			hasScannedForEncodings = 0;
			knownRegions = (
				en,
				Base,
			);
			mainGroup = 99E5DC5623AD00AC0067936D;
			productRefGroup = 99E5DC6023AD00AC0067936D /* Products */;
			projectDirPath = "";
			projectRoot = "";
			targets = (
				99E5DC5E23AD00AC0067936D /* Sample */,
				99E5DC7223AD00AF0067936D /* SampleTests */,
				99E5DC7D23AD00AF0067936D /* SampleUITests */,
			);
		};
/* End PBXProject section */

/* Begin PBXResourcesBuildPhase section */
		99E5DC5D23AD00AC0067936D /* Resources */ = {
			isa = PBXResourcesBuildPhase;
			buildActionMask = 2147483647;
			files = (
				99E5DC6D23AD00AF0067936D /* LaunchScreen.storyboard in Resources */,
				99E5DC6A23AD00AF0067936D /* Assets.xcassets in Resources */,
				99E5DC6823AD00AC0067936D /* Main.storyboard in Resources */,
			);
			runOnlyForDeploymentPostprocessing = 0;
		};
		99E5DC7123AD00AF0067936D /* Resources */ = {
			isa = PBXResourcesBuildPhase;
			buildActionMask = 2147483647;
			files = (
			);
			runOnlyForDeploymentPostprocessing = 0;
		};
		99E5DC7C23AD00AF0067936D /* Resources */ = {
			isa = PBXResourcesBuildPhase;
			buildActionMask = 2147483647;
			files = (
			);
			runOnlyForDeploymentPostprocessing = 0;
		};
/* End PBXResourcesBuildPhase section */

/* Begin PBXSourcesBuildPhase section */
		99E5DC5B23AD00AC0067936D /* Sources */ = {
			isa = PBXSourcesBuildPhase;
			buildActionMask = 2147483647;
			files = (
				99E5DC6523AD00AC0067936D /* ViewController.swift in Sources */,
				99E5DC6323AD00AC0067936D /* AppDelegate.swift in Sources */,
			);
			runOnlyForDeploymentPostprocessing = 0;
		};
		99E5DC6F23AD00AF0067936D /* Sources */ = {
			isa = PBXSourcesBuildPhase;
			buildActionMask = 2147483647;
			files = (
				99E5DC7823AD00AF0067936D /* SampleTests.swift in Sources */,
			);
			runOnlyForDeploymentPostprocessing = 0;
		};
		99E5DC7A23AD00AF0067936D /* Sources */ = {
			isa = PBXSourcesBuildPhase;
			buildActionMask = 2147483647;
			files = (
				99E5DC8323AD00AF0067936D /* SampleUITests.swift in Sources */,
			);
			runOnlyForDeploymentPostprocessing = 0;
		};
/* End PBXSourcesBuildPhase section */

/* Begin PBXTargetDependency section */
		99E5DC7523AD00AF0067936D /* PBXTargetDependency */ = {
			isa = PBXTargetDependency;
			target = 99E5DC5E23AD00AC0067936D /* Sample */;
			targetProxy = 99E5DC7423AD00AF0067936D /* PBXContainerItemProxy */;
		};
		99E5DC8023AD00AF0067936D /* PBXTargetDependency */ = {
			isa = PBXTargetDependency;
			target = 99E5DC5E23AD00AC0067936D /* Sample */;
			targetProxy = 99E5DC7F23AD00AF0067936D /* PBXContainerItemProxy */;
		};
/* End PBXTargetDependency section */

/* Begin PBXVariantGroup section */
		99E5DC6623AD00AC0067936D /* Main.storyboard */ = {
			isa = PBXVariantGroup;
			children = (
				99E5DC6723AD00AC0067936D /* Base */,
			);
			name = Main.storyboard;
			sourceTree = "<group>";
		};
		99E5DC6B23AD00AF0067936D /* LaunchScreen.storyboard */ = {
			isa = PBXVariantGroup;
			children = (
				99E5DC6C23AD00AF0067936D /* Base */,
			);
			name = LaunchScreen.storyboard;
			sourceTree = "<group>";
		};
/* End PBXVariantGroup section */

/* Begin XCBuildConfiguration section */
		99E5DC8523AD00AF0067936D /* Debug */ = {
			isa = XCBuildConfiguration;
			buildSettings = {
				ALWAYS_SEARCH_USER_PATHS = NO;
				CLANG_ANALYZER_NONNULL = YES;
				CLANG_ANALYZER_NUMBER_OBJECT_CONVERSION = YES_AGGRESSIVE;
				CLANG_CXX_LANGUAGE_STANDARD = "gnu++14";
				CLANG_CXX_LIBRARY = "libc++";
				CLANG_ENABLE_MODULES = YES;
				CLANG_ENABLE_OBJC_ARC = YES;
				CLANG_ENABLE_OBJC_WEAK = YES;
				CLANG_WARN_BLOCK_CAPTURE_AUTORELEASING = YES;
				CLANG_WARN_BOOL_CONVERSION = YES;
				CLANG_WARN_COMMA = YES;
				CLANG_WARN_CONSTANT_CONVERSION = YES;
				CLANG_WARN_DEPRECATED_OBJC_IMPLEMENTATIONS = YES;
				CLANG_WARN_DIRECT_OBJC_ISA_USAGE = YES_ERROR;
				CLANG_WARN_DOCUMENTATION_COMMENTS = YES;
				CLANG_WARN_EMPTY_BODY = YES;
				CLANG_WARN_ENUM_CONVERSION = YES;
				CLANG_WARN_INFINITE_RECURSION = YES;
				CLANG_WARN_INT_CONVERSION = YES;
				CLANG_WARN_NON_LITERAL_NULL_CONVERSION = YES;
				CLANG_WARN_OBJC_IMPLICIT_RETAIN_SELF = YES;
				CLANG_WARN_OBJC_LITERAL_CONVERSION = YES;
				CLANG_WARN_OBJC_ROOT_CLASS = YES_ERROR;
				CLANG_WARN_RANGE_LOOP_ANALYSIS = YES;
				CLANG_WARN_STRICT_PROTOTYPES = YES;
				CLANG_WARN_SUSPICIOUS_MOVE = YES;
				CLANG_WARN_UNGUARDED_AVAILABILITY = YES_AGGRESSIVE;
				CLANG_WARN_UNREACHABLE_CODE = YES;
				CLANG_WARN__DUPLICATE_METHOD_MATCH = YES;
				CODE_SIGN_IDENTITY = "iPhone Developer";
				COPY_PHASE_STRIP = NO;
				DEBUG_INFORMATION_FORMAT = dwarf;
				ENABLE_STRICT_OBJC_MSGSEND = YES;
				ENABLE_TESTABILITY = YES;
				GCC_C_LANGUAGE_STANDARD = gnu11;
				GCC_DYNAMIC_NO_PIC = NO;
				GCC_NO_COMMON_BLOCKS = YES;
				GCC_OPTIMIZATION_LEVEL = 0;
				GCC_PREPROCESSOR_DEFINITIONS = (
					"DEBUG=1",
					"$(inherited)",
				);
				GCC_WARN_64_TO_32_BIT_CONVERSION = YES;
				GCC_WARN_ABOUT_RETURN_TYPE = YES_ERROR;
				GCC_WARN_UNDECLARED_SELECTOR = YES;
				GCC_WARN_UNINITIALIZED_AUTOS = YES_AGGRESSIVE;
				GCC_WARN_UNUSED_FUNCTION = YES;
				GCC_WARN_UNUSED_VARIABLE = YES;
				IPHONEOS_DEPLOYMENT_TARGET = 12.4;
				MTL_ENABLE_DEBUG_INFO = INCLUDE_SOURCE;
				MTL_FAST_MATH = YES;
				ONLY_ACTIVE_ARCH = YES;
				SDKROOT = iphoneos;
				SWIFT_ACTIVE_COMPILATION_CONDITIONS = DEBUG;
				SWIFT_OPTIMIZATION_LEVEL = "-Onone";
			};
			name = Debug;
		};
		99E5DC8623AD00AF0067936D /* Release */ = {
			isa = XCBuildConfiguration;
			buildSettings = {
				ALWAYS_SEARCH_USER_PATHS = NO;
				CLANG_ANALYZER_NONNULL = YES;
				CLANG_ANALYZER_NUMBER_OBJECT_CONVERSION = YES_AGGRESSIVE;
				CLANG_CXX_LANGUAGE_STANDARD = "gnu++14";
				CLANG_CXX_LIBRARY = "libc++";
				CLANG_ENABLE_MODULES = YES;
				CLANG_ENABLE_OBJC_ARC = YES;
				CLANG_ENABLE_OBJC_WEAK = YES;
				CLANG_WARN_BLOCK_CAPTURE_AUTORELEASING = YES;
				CLANG_WARN_BOOL_CONVERSION = YES;
				CLANG_WARN_COMMA = YES;
				CLANG_WARN_CONSTANT_CONVERSION = YES;
				CLANG_WARN_DEPRECATED_OBJC_IMPLEMENTATIONS = YES;
				CLANG_WARN_DIRECT_OBJC_ISA_USAGE = YES_ERROR;
				CLANG_WARN_DOCUMENTATION_COMMENTS = YES;
				CLANG_WARN_EMPTY_BODY = YES;
				CLANG_WARN_ENUM_CONVERSION = YES;
				CLANG_WARN_INFINITE_RECURSION = YES;
				CLANG_WARN_INT_CONVERSION = YES;
				CLANG_WARN_NON_LITERAL_NULL_CONVERSION = YES;
				CLANG_WARN_OBJC_IMPLICIT_RETAIN_SELF = YES;
				CLANG_WARN_OBJC_LITERAL_CONVERSION = YES;
				CLANG_WARN_OBJC_ROOT_CLASS = YES_ERROR;
				CLANG_WARN_RANGE_LOOP_ANALYSIS = YES;
				CLANG_WARN_STRICT_PROTOTYPES = YES;
				CLANG_WARN_SUSPICIOUS_MOVE = YES;
				CLANG_WARN_UNGUARDED_AVAILABILITY = YES_AGGRESSIVE;
				CLANG_WARN_UNREACHABLE_CODE = YES;
				CLANG_WARN__DUPLICATE_METHOD_MATCH = YES;
				CODE_SIGN_IDENTITY = "iPhone Developer";
				COPY_PHASE_STRIP = NO;
				DEBUG_INFORMATION_FORMAT = "dwarf-with-dsym";
				ENABLE_NS_ASSERTIONS = NO;
				ENABLE_STRICT_OBJC_MSGSEND = YES;
				GCC_C_LANGUAGE_STANDARD = gnu11;
				GCC_NO_COMMON_BLOCKS = YES;
				GCC_WARN_64_TO_32_BIT_CONVERSION = YES;
				GCC_WARN_ABOUT_RETURN_TYPE = YES_ERROR;
				GCC_WARN_UNDECLARED_SELECTOR = YES;
				GCC_WARN_UNINITIALIZED_AUTOS = YES_AGGRESSIVE;
				GCC_WARN_UNUSED_FUNCTION = YES;
				GCC_WARN_UNUSED_VARIABLE = YES;
				IPHONEOS_DEPLOYMENT_TARGET = 12.4;
				MTL_ENABLE_DEBUG_INFO = NO;
				MTL_FAST_MATH = YES;
				SDKROOT = iphoneos;
				SWIFT_COMPILATION_MODE = wholemodule;
				SWIFT_OPTIMIZATION_LEVEL = "-O";
				VALIDATE_PRODUCT = YES;
			};
			name = Release;
		};
		99E5DC8823AD00AF0067936D /* Debug */ = {
			isa = XCBuildConfiguration;
			buildSettings = {
				ASSETCATALOG_COMPILER_APPICON_NAME = AppIcon;
				CODE_SIGN_STYLE = Automatic;
				DEVELOPMENT_TEAM = "";
				INFOPLIST_FILE = Sample/Info.plist;
				LD_RUNPATH_SEARCH_PATHS = (
					"$(inherited)",
					"@executable_path/Frameworks",
				);
				PRODUCT_BUNDLE_IDENTIFIER = com.appcoda.Sample;
				PRODUCT_NAME = "$(TARGET_NAME)";
				SWIFT_VERSION = 5.0;
				TARGETED_DEVICE_FAMILY = "1,2";
			};
			name = Debug;
		};
		99E5DC8923AD00AF0067936D /* Release */ = {
			isa = XCBuildConfiguration;
			buildSettings = {
				ASSETCATALOG_COMPILER_APPICON_NAME = AppIcon;
				CODE_SIGN_STYLE = Automatic;
				DEVELOPMENT_TEAM = "";
				INFOPLIST_FILE = Sample/Info.plist;
				LD_RUNPATH_SEARCH_PATHS = (
					"$(inherited)",
					"@executable_path/Frameworks",
				);
				PRODUCT_BUNDLE_IDENTIFIER = com.appcoda.Sample;
				PRODUCT_NAME = "$(TARGET_NAME)";
				SWIFT_VERSION = 5.0;
				TARGETED_DEVICE_FAMILY = "1,2";
			};
			name = Release;
		};
		99E5DC8B23AD00AF0067936D /* Debug */ = {
			isa = XCBuildConfiguration;
			buildSettings = {
				ALWAYS_EMBED_SWIFT_STANDARD_LIBRARIES = YES;
				BUNDLE_LOADER = "$(TEST_HOST)";
				CODE_SIGN_STYLE = Automatic;
				INFOPLIST_FILE = SampleTests/Info.plist;
				LD_RUNPATH_SEARCH_PATHS = (
					"$(inherited)",
					"@executable_path/Frameworks",
					"@loader_path/Frameworks",
				);
				PRODUCT_BUNDLE_IDENTIFIER = com.appcoda.SampleTests;
				PRODUCT_NAME = "$(TARGET_NAME)";
				SWIFT_VERSION = 5.0;
				TARGETED_DEVICE_FAMILY = "1,2";
				TEST_HOST = "$(BUILT_PRODUCTS_DIR)/Sample.app/Sample";
			};
			name = Debug;
		};
		99E5DC8C23AD00AF0067936D /* Release */ = {
			isa = XCBuildConfiguration;
			buildSettings = {
				ALWAYS_EMBED_SWIFT_STANDARD_LIBRARIES = YES;
				BUNDLE_LOADER = "$(TEST_HOST)";
				CODE_SIGN_STYLE = Automatic;
				INFOPLIST_FILE = SampleTests/Info.plist;
				LD_RUNPATH_SEARCH_PATHS = (
					"$(inherited)",
					"@executable_path/Frameworks",
					"@loader_path/Frameworks",
				);
				PRODUCT_BUNDLE_IDENTIFIER = com.appcoda.SampleTests;
				PRODUCT_NAME = "$(TARGET_NAME)";
				SWIFT_VERSION = 5.0;
				TARGETED_DEVICE_FAMILY = "1,2";
				TEST_HOST = "$(BUILT_PRODUCTS_DIR)/Sample.app/Sample";
			};
			name = Release;
		};
		99E5DC8E23AD00AF0067936D /* Debug */ = {
			isa = XCBuildConfiguration;
			buildSettings = {
				ALWAYS_EMBED_SWIFT_STANDARD_LIBRARIES = YES;
				CODE_SIGN_STYLE = Automatic;
				INFOPLIST_FILE = SampleUITests/Info.plist;
				LD_RUNPATH_SEARCH_PATHS = (
					"$(inherited)",
					"@executable_path/Frameworks",
					"@loader_path/Frameworks",
				);
				PRODUCT_BUNDLE_IDENTIFIER = com.appcoda.SampleUITests;
				PRODUCT_NAME = "$(TARGET_NAME)";
				SWIFT_VERSION = 5.0;
				TARGETED_DEVICE_FAMILY = "1,2";
				TEST_TARGET_NAME = Sample;
			};
			name = Debug;
		};
		99E5DC8F23AD00AF0067936D /* Release */ = {
			isa = XCBuildConfiguration;
			buildSettings = {
				ALWAYS_EMBED_SWIFT_STANDARD_LIBRARIES = YES;
				CODE_SIGN_STYLE = Automatic;
				INFOPLIST_FILE = SampleUITests/Info.plist;
				LD_RUNPATH_SEARCH_PATHS = (
					"$(inherited)",
					"@executable_path/Frameworks",
					"@loader_path/Frameworks",
				);
				PRODUCT_BUNDLE_IDENTIFIER = com.appcoda.SampleUITests;
				PRODUCT_NAME = "$(TARGET_NAME)";
				SWIFT_VERSION = 5.0;
				TARGETED_DEVICE_FAMILY = "1,2";
				TEST_TARGET_NAME = Sample;
			};
			name = Release;
		};
/* End XCBuildConfiguration section */

/* Begin XCConfigurationList section */
		99E5DC5A23AD00AC0067936D /* Build configuration list for PBXProject "Sample" */ = {
			isa = XCConfigurationList;
			buildConfigurations = (
				99E5DC8523AD00AF0067936D /* Debug */,
				99E5DC8623AD00AF0067936D /* Release */,
			);
			defaultConfigurationIsVisible = 0;
			defaultConfigurationName = Release;
		};
		99E5DC8723AD00AF0067936D /* Build configuration list for PBXNativeTarget "Sample" */ = {
			isa = XCConfigurationList;
			buildConfigurations = (
				99E5DC8823AD00AF0067936D /* Debug */,
				99E5DC8923AD00AF0067936D /* Release */,
			);
			defaultConfigurationIsVisible = 0;
			defaultConfigurationName = Release;
		};
		99E5DC8A23AD00AF0067936D /* Build configuration list for PBXNativeTarget "SampleTests" */ = {
			isa = XCConfigurationList;
			buildConfigurations = (
				99E5DC8B23AD00AF0067936D /* Debug */,
				99E5DC8C23AD00AF0067936D /* Release */,
			);
			defaultConfigurationIsVisible = 0;
			defaultConfigurationName = Release;
		};
		99E5DC8D23AD00AF0067936D /* Build configuration list for PBXNativeTarget "SampleUITests" */ = {
			isa = XCConfigurationList;
			buildConfigurations = (
				99E5DC8E23AD00AF0067936D /* Debug */,
				99E5DC8F23AD00AF0067936D /* Release */,
			);
			defaultConfigurationIsVisible = 0;
			defaultConfigurationName = Release;
		};
/* End XCConfigurationList section */
	};
	rootObject = 99E5DC5723AD00AC0067936D /* Project object */;
}
