// !$*UTF8*$!
{
	archiveVersion = 1;
	classes = {
	};
	objectVersion = 50;
	objects = {

/* Begin PBXBuildFile section */
		994D27FB23BCE65F000BA00B /* AppDelegate.swift in Sources */ = {isa = PBXBuildFile; fileRef = 994D27FA23BCE65F000BA00B /* AppDelegate.swift */; };
		994D280023BCE65F000BA00B /* Main.storyboard in Resources */ = {isa = PBXBuildFile; fileRef = 994D27FE23BCE65F000BA00B /* Main.storyboard */; };
		994D280223BCE660000BA00B /* Assets.xcassets in Resources */ = {isa = PBXBuildFile; fileRef = 994D280123BCE660000BA00B /* Assets.xcassets */; };
		994D280523BCE660000BA00B /* LaunchScreen.storyboard in Resources */ = {isa = PBXBuildFile; fileRef = 994D280323BCE660000BA00B /* LaunchScreen.storyboard */; };
		994D281023BCE661000BA00B /* NavigationTests.swift in Sources */ = {isa = PBXBuildFile; fileRef = 994D280F23BCE661000BA00B /* NavigationTests.swift */; };
		994D281B23BCE661000BA00B /* NavigationUITests.swift in Sources */ = {isa = PBXBuildFile; fileRef = 994D281A23BCE661000BA00B /* NavigationUITests.swift */; };
		998DDB6923C0E30500B2BD56 /* GreenViewController.swift in Sources */ = {isa = PBXBuildFile; fileRef = 998DDB6823C0E30500B2BD56 /* GreenViewController.swift */; };
		998DDB6B23C0E32100B2BD56 /* BlueViewController.swift in Sources */ = {isa = PBXBuildFile; fileRef = 998DDB6A23C0E32100B2BD56 /* BlueViewController.swift */; };
/* End PBXBuildFile section */

/* Begin PBXContainerItemProxy section */
		994D280C23BCE661000BA00B /* PBXContainerItemProxy */ = {
			isa = PBXContainerItemProxy;
			containerPortal = 994D27EF23BCE65F000BA00B /* Project object */;
			proxyType = 1;
			remoteGlobalIDString = 994D27F623BCE65F000BA00B;
			remoteInfo = Navigation;
		};
		994D281723BCE661000BA00B /* PBXContainerItemProxy */ = {
			isa = PBXContainerItemProxy;
			containerPortal = 994D27EF23BCE65F000BA00B /* Project object */;
			proxyType = 1;
			remoteGlobalIDString = 994D27F623BCE65F000BA00B;
			remoteInfo = Navigation;
		};
/* End PBXContainerItemProxy section */

/* Begin PBXFileReference section */
		994D27F723BCE65F000BA00B /* Navigation.app */ = {isa = PBXFileReference; explicitFileType = wrapper.application; includeInIndex = 0; path = Navigation.app; sourceTree = BUILT_PRODUCTS_DIR; };
		994D27FA23BCE65F000BA00B /* AppDelegate.swift */ = {isa = PBXFileReference; lastKnownFileType = sourcecode.swift; path = AppDelegate.swift; sourceTree = "<group>"; };
		994D27FF23BCE65F000BA00B /* Base */ = {isa = PBXFileReference; lastKnownFileType = file.storyboard; name = Base; path = Base.lproj/Main.storyboard; sourceTree = "<group>"; };
		994D280123BCE660000BA00B /* Assets.xcassets */ = {isa = PBXFileReference; lastKnownFileType = folder.assetcatalog; path = Assets.xcassets; sourceTree = "<group>"; };
		994D280423BCE660000BA00B /* Base */ = {isa = PBXFileReference; lastKnownFileType = file.storyboard; name = Base; path = Base.lproj/LaunchScreen.storyboard; sourceTree = "<group>"; };
		994D280623BCE660000BA00B /* Info.plist */ = {isa = PBXFileReference; lastKnownFileType = text.plist.xml; path = Info.plist; sourceTree = "<group>"; };
		994D280B23BCE661000BA00B /* NavigationTests.xctest */ = {isa = PBXFileReference; explicitFileType = wrapper.cfbundle; includeInIndex = 0; path = NavigationTests.xctest; sourceTree = BUILT_PRODUCTS_DIR; };
		994D280F23BCE661000BA00B /* NavigationTests.swift */ = {isa = PBXFileReference; lastKnownFileType = sourcecode.swift; path = NavigationTests.swift; sourceTree = "<group>"; };
		994D281123BCE661000BA00B /* Info.plist */ = {isa = PBXFileReference; lastKnownFileType = text.plist.xml; path = Info.plist; sourceTree = "<group>"; };
		994D281623BCE661000BA00B /* NavigationUITests.xctest */ = {isa = PBXFileReference; explicitFileType = wrapper.cfbundle; includeInIndex = 0; path = NavigationUITests.xctest; sourceTree = BUILT_PRODUCTS_DIR; };
		994D281A23BCE661000BA00B /* NavigationUITests.swift */ = {isa = PBXFileReference; lastKnownFileType = sourcecode.swift; path = NavigationUITests.swift; sourceTree = "<group>"; };
		994D281C23BCE661000BA00B /* Info.plist */ = {isa = PBXFileReference; lastKnownFileType = text.plist.xml; path = Info.plist; sourceTree = "<group>"; };
		998DDB6823C0E30500B2BD56 /* GreenViewController.swift */ = {isa = PBXFileReference; lastKnownFileType = sourcecode.swift; path = GreenViewController.swift; sourceTree = "<group>"; };
		998DDB6A23C0E32100B2BD56 /* BlueViewController.swift */ = {isa = PBXFileReference; lastKnownFileType = sourcecode.swift; path = BlueViewController.swift; sourceTree = "<group>"; };
/* End PBXFileReference section */

/* Begin PBXFrameworksBuildPhase section */
		994D27F423BCE65F000BA00B /* Frameworks */ = {
			isa = PBXFrameworksBuildPhase;
			buildActionMask = 2147483647;
			files = (
			);
			runOnlyForDeploymentPostprocessing = 0;
		};
		994D280823BCE661000BA00B /* Frameworks */ = {
			isa = PBXFrameworksBuildPhase;
			buildActionMask = 2147483647;
			files = (
			);
			runOnlyForDeploymentPostprocessing = 0;
		};
		994D281323BCE661000BA00B /* Frameworks */ = {
			isa = PBXFrameworksBuildPhase;
			buildActionMask = 2147483647;
			files = (
			);
			runOnlyForDeploymentPostprocessing = 0;
		};
/* End PBXFrameworksBuildPhase section */

/* Begin PBXGroup section */
		994D27EE23BCE65F000BA00B = {
			isa = PBXGroup;
			children = (
				994D27F923BCE65F000BA00B /* Navigation */,
				994D280E23BCE661000BA00B /* NavigationTests */,
				994D281923BCE661000BA00B /* NavigationUITests */,
				994D27F823BCE65F000BA00B /* Products */,
			);
			sourceTree = "<group>";
		};
		994D27F823BCE65F000BA00B /* Products */ = {
			isa = PBXGroup;
			children = (
				994D27F723BCE65F000BA00B /* Navigation.app */,
				994D280B23BCE661000BA00B /* NavigationTests.xctest */,
				994D281623BCE661000BA00B /* NavigationUITests.xctest */,
			);
			name = Products;
			sourceTree = "<group>";
		};
		994D27F923BCE65F000BA00B /* Navigation */ = {
			isa = PBXGroup;
			children = (
				994D27FA23BCE65F000BA00B /* AppDelegate.swift */,
				994D27FE23BCE65F000BA00B /* Main.storyboard */,
				994D280123BCE660000BA00B /* Assets.xcassets */,
				994D280323BCE660000BA00B /* LaunchScreen.storyboard */,
				994D280623BCE660000BA00B /* Info.plist */,
				998DDB6823C0E30500B2BD56 /* GreenViewController.swift */,
				998DDB6A23C0E32100B2BD56 /* BlueViewController.swift */,
			);
			path = Navigation;
			sourceTree = "<group>";
		};
		994D280E23BCE661000BA00B /* NavigationTests */ = {
			isa = PBXGroup;
			children = (
				994D280F23BCE661000BA00B /* NavigationTests.swift */,
				994D281123BCE661000BA00B /* Info.plist */,
			);
			path = NavigationTests;
			sourceTree = "<group>";
		};
		994D281923BCE661000BA00B /* NavigationUITests */ = {
			isa = PBXGroup;
			children = (
				994D281A23BCE661000BA00B /* NavigationUITests.swift */,
				994D281C23BCE661000BA00B /* Info.plist */,
			);
			path = NavigationUITests;
			sourceTree = "<group>";
		};
/* End PBXGroup section */

/* Begin PBXNativeTarget section */
		994D27F623BCE65F000BA00B /* Navigation */ = {
			isa = PBXNativeTarget;
			buildConfigurationList = 994D281F23BCE661000BA00B /* Build configuration list for PBXNativeTarget "Navigation" */;
			buildPhases = (
				994D27F323BCE65F000BA00B /* Sources */,
				994D27F423BCE65F000BA00B /* Frameworks */,
				994D27F523BCE65F000BA00B /* Resources */,
			);
			buildRules = (
			);
			dependencies = (
			);
			name = Navigation;
			productName = Navigation;
			productReference = 994D27F723BCE65F000BA00B /* Navigation.app */;
			productType = "com.apple.product-type.application";
		};
		994D280A23BCE661000BA00B /* NavigationTests */ = {
			isa = PBXNativeTarget;
			buildConfigurationList = 994D282223BCE661000BA00B /* Build configuration list for PBXNativeTarget "NavigationTests" */;
			buildPhases = (
				994D280723BCE661000BA00B /* Sources */,
				994D280823BCE661000BA00B /* Frameworks */,
				994D280923BCE661000BA00B /* Resources */,
			);
			buildRules = (
			);
			dependencies = (
				994D280D23BCE661000BA00B /* PBXTargetDependency */,
			);
			name = NavigationTests;
			productName = NavigationTests;
			productReference = 994D280B23BCE661000BA00B /* NavigationTests.xctest */;
			productType = "com.apple.product-type.bundle.unit-test";
		};
		994D281523BCE661000BA00B /* NavigationUITests */ = {
			isa = PBXNativeTarget;
			buildConfigurationList = 994D282523BCE661000BA00B /* Build configuration list for PBXNativeTarget "NavigationUITests" */;
			buildPhases = (
				994D281223BCE661000BA00B /* Sources */,
				994D281323BCE661000BA00B /* Frameworks */,
				994D281423BCE661000BA00B /* Resources */,
			);
			buildRules = (
			);
			dependencies = (
				994D281823BCE661000BA00B /* PBXTargetDependency */,
			);
			name = NavigationUITests;
			productName = NavigationUITests;
			productReference = 994D281623BCE661000BA00B /* NavigationUITests.xctest */;
			productType = "com.apple.product-type.bundle.ui-testing";
		};
/* End PBXNativeTarget section */

/* Begin PBXProject section */
		994D27EF23BCE65F000BA00B /* Project object */ = {
			isa = PBXProject;
			attributes = {
				LastSwiftUpdateCheck = 1030;
				LastUpgradeCheck = 1030;
				ORGANIZATIONNAME = Suneth;
				TargetAttributes = {
					994D27F623BCE65F000BA00B = {
						CreatedOnToolsVersion = 10.3;
					};
					994D280A23BCE661000BA00B = {
						CreatedOnToolsVersion = 10.3;
						TestTargetID = 994D27F623BCE65F000BA00B;
					};
					994D281523BCE661000BA00B = {
						CreatedOnToolsVersion = 10.3;
						TestTargetID = 994D27F623BCE65F000BA00B;
					};
				};
			};
			buildConfigurationList = 994D27F223BCE65F000BA00B /* Build configuration list for PBXProject "Navigation" */;
			compatibilityVersion = "Xcode 9.3";
			developmentRegion = en;
			hasScannedForEncodings = 0;
			knownRegions = (
				en,
				Base,
			);
			mainGroup = 994D27EE23BCE65F000BA00B;
			productRefGroup = 994D27F823BCE65F000BA00B /* Products */;
			projectDirPath = "";
			projectRoot = "";
			targets = (
				994D27F623BCE65F000BA00B /* Navigation */,
				994D280A23BCE661000BA00B /* NavigationTests */,
				994D281523BCE661000BA00B /* NavigationUITests */,
			);
		};
/* End PBXProject section */

/* Begin PBXResourcesBuildPhase section */
		994D27F523BCE65F000BA00B /* Resources */ = {
			isa = PBXResourcesBuildPhase;
			buildActionMask = 2147483647;
			files = (
				994D280523BCE660000BA00B /* LaunchScreen.storyboard in Resources */,
				994D280223BCE660000BA00B /* Assets.xcassets in Resources */,
				994D280023BCE65F000BA00B /* Main.storyboard in Resources */,
			);
			runOnlyForDeploymentPostprocessing = 0;
		};
		994D280923BCE661000BA00B /* Resources */ = {
			isa = PBXResourcesBuildPhase;
			buildActionMask = 2147483647;
			files = (
			);
			runOnlyForDeploymentPostprocessing = 0;
		};
		994D281423BCE661000BA00B /* Resources */ = {
			isa = PBXResourcesBuildPhase;
			buildActionMask = 2147483647;
			files = (
			);
			runOnlyForDeploymentPostprocessing = 0;
		};
/* End PBXResourcesBuildPhase section */

/* Begin PBXSourcesBuildPhase section */
		994D27F323BCE65F000BA00B /* Sources */ = {
			isa = PBXSourcesBuildPhase;
			buildActionMask = 2147483647;
			files = (
				998DDB6923C0E30500B2BD56 /* GreenViewController.swift in Sources */,
				998DDB6B23C0E32100B2BD56 /* BlueViewController.swift in Sources */,
				994D27FB23BCE65F000BA00B /* AppDelegate.swift in Sources */,
			);
			runOnlyForDeploymentPostprocessing = 0;
		};
		994D280723BCE661000BA00B /* Sources */ = {
			isa = PBXSourcesBuildPhase;
			buildActionMask = 2147483647;
			files = (
				994D281023BCE661000BA00B /* NavigationTests.swift in Sources */,
			);
			runOnlyForDeploymentPostprocessing = 0;
		};
		994D281223BCE661000BA00B /* Sources */ = {
			isa = PBXSourcesBuildPhase;
			buildActionMask = 2147483647;
			files = (
				994D281B23BCE661000BA00B /* NavigationUITests.swift in Sources */,
			);
			runOnlyForDeploymentPostprocessing = 0;
		};
/* End PBXSourcesBuildPhase section */

/* Begin PBXTargetDependency section */
		994D280D23BCE661000BA00B /* PBXTargetDependency */ = {
			isa = PBXTargetDependency;
			target = 994D27F623BCE65F000BA00B /* Navigation */;
			targetProxy = 994D280C23BCE661000BA00B /* PBXContainerItemProxy */;
		};
		994D281823BCE661000BA00B /* PBXTargetDependency */ = {
			isa = PBXTargetDependency;
			target = 994D27F623BCE65F000BA00B /* Navigation */;
			targetProxy = 994D281723BCE661000BA00B /* PBXContainerItemProxy */;
		};
/* End PBXTargetDependency section */

/* Begin PBXVariantGroup section */
		994D27FE23BCE65F000BA00B /* Main.storyboard */ = {
			isa = PBXVariantGroup;
			children = (
				994D27FF23BCE65F000BA00B /* Base */,
			);
			name = Main.storyboard;
			sourceTree = "<group>";
		};
		994D280323BCE660000BA00B /* LaunchScreen.storyboard */ = {
			isa = PBXVariantGroup;
			children = (
				994D280423BCE660000BA00B /* Base */,
			);
			name = LaunchScreen.storyboard;
			sourceTree = "<group>";
		};
/* End PBXVariantGroup section */

/* Begin XCBuildConfiguration section */
		994D281D23BCE661000BA00B /* Debug */ = {
			isa = XCBuildConfiguration;
			buildSettings = {
				ALWAYS_SEARCH_USER_PATHS = NO;
				CLANG_ANALYZER_NONNULL = YES;
				CLANG_ANALYZER_NUMBER_OBJECT_CONVERSION = YES_AGGRESSIVE;
				CLANG_CXX_LANGUAGE_STANDARD = "gnu++14";
				CLANG_CXX_LIBRARY = "libc++";
				CLANG_ENABLE_MODULES = YES;
				CLANG_ENABLE_OBJC_ARC = YES;
				CLANG_ENABLE_OBJC_WEAK = YES;
				CLANG_WARN_BLOCK_CAPTURE_AUTORELEASING = YES;
				CLANG_WARN_BOOL_CONVERSION = YES;
				CLANG_WARN_COMMA = YES;
				CLANG_WARN_CONSTANT_CONVERSION = YES;
				CLANG_WARN_DEPRECATED_OBJC_IMPLEMENTATIONS = YES;
				CLANG_WARN_DIRECT_OBJC_ISA_USAGE = YES_ERROR;
				CLANG_WARN_DOCUMENTATION_COMMENTS = YES;
				CLANG_WARN_EMPTY_BODY = YES;
				CLANG_WARN_ENUM_CONVERSION = YES;
				CLANG_WARN_INFINITE_RECURSION = YES;
				CLANG_WARN_INT_CONVERSION = YES;
				CLANG_WARN_NON_LITERAL_NULL_CONVERSION = YES;
				CLANG_WARN_OBJC_IMPLICIT_RETAIN_SELF = YES;
				CLANG_WARN_OBJC_LITERAL_CONVERSION = YES;
				CLANG_WARN_OBJC_ROOT_CLASS = YES_ERROR;
				CLANG_WARN_RANGE_LOOP_ANALYSIS = YES;
				CLANG_WARN_STRICT_PROTOTYPES = YES;
				CLANG_WARN_SUSPICIOUS_MOVE = YES;
				CLANG_WARN_UNGUARDED_AVAILABILITY = YES_AGGRESSIVE;
				CLANG_WARN_UNREACHABLE_CODE = YES;
				CLANG_WARN__DUPLICATE_METHOD_MATCH = YES;
				CODE_SIGN_IDENTITY = "iPhone Developer";
				COPY_PHASE_STRIP = NO;
				DEBUG_INFORMATION_FORMAT = dwarf;
				ENABLE_STRICT_OBJC_MSGSEND = YES;
				ENABLE_TESTABILITY = YES;
				GCC_C_LANGUAGE_STANDARD = gnu11;
				GCC_DYNAMIC_NO_PIC = NO;
				GCC_NO_COMMON_BLOCKS = YES;
				GCC_OPTIMIZATION_LEVEL = 0;
				GCC_PREPROCESSOR_DEFINITIONS = (
					"DEBUG=1",
					"$(inherited)",
				);
				GCC_WARN_64_TO_32_BIT_CONVERSION = YES;
				GCC_WARN_ABOUT_RETURN_TYPE = YES_ERROR;
				GCC_WARN_UNDECLARED_SELECTOR = YES;
				GCC_WARN_UNINITIALIZED_AUTOS = YES_AGGRESSIVE;
				GCC_WARN_UNUSED_FUNCTION = YES;
				GCC_WARN_UNUSED_VARIABLE = YES;
				IPHONEOS_DEPLOYMENT_TARGET = 12.4;
				MTL_ENABLE_DEBUG_INFO = INCLUDE_SOURCE;
				MTL_FAST_MATH = YES;
				ONLY_ACTIVE_ARCH = YES;
				SDKROOT = iphoneos;
				SWIFT_ACTIVE_COMPILATION_CONDITIONS = DEBUG;
				SWIFT_OPTIMIZATION_LEVEL = "-Onone";
			};
			name = Debug;
		};
		994D281E23BCE661000BA00B /* Release */ = {
			isa = XCBuildConfiguration;
			buildSettings = {
				ALWAYS_SEARCH_USER_PATHS = NO;
				CLANG_ANALYZER_NONNULL = YES;
				CLANG_ANALYZER_NUMBER_OBJECT_CONVERSION = YES_AGGRESSIVE;
				CLANG_CXX_LANGUAGE_STANDARD = "gnu++14";
				CLANG_CXX_LIBRARY = "libc++";
				CLANG_ENABLE_MODULES = YES;
				CLANG_ENABLE_OBJC_ARC = YES;
				CLANG_ENABLE_OBJC_WEAK = YES;
				CLANG_WARN_BLOCK_CAPTURE_AUTORELEASING = YES;
				CLANG_WARN_BOOL_CONVERSION = YES;
				CLANG_WARN_COMMA = YES;
				CLANG_WARN_CONSTANT_CONVERSION = YES;
				CLANG_WARN_DEPRECATED_OBJC_IMPLEMENTATIONS = YES;
				CLANG_WARN_DIRECT_OBJC_ISA_USAGE = YES_ERROR;
				CLANG_WARN_DOCUMENTATION_COMMENTS = YES;
				CLANG_WARN_EMPTY_BODY = YES;
				CLANG_WARN_ENUM_CONVERSION = YES;
				CLANG_WARN_INFINITE_RECURSION = YES;
				CLANG_WARN_INT_CONVERSION = YES;
				CLANG_WARN_NON_LITERAL_NULL_CONVERSION = YES;
				CLANG_WARN_OBJC_IMPLICIT_RETAIN_SELF = YES;
				CLANG_WARN_OBJC_LITERAL_CONVERSION = YES;
				CLANG_WARN_OBJC_ROOT_CLASS = YES_ERROR;
				CLANG_WARN_RANGE_LOOP_ANALYSIS = YES;
				CLANG_WARN_STRICT_PROTOTYPES = YES;
				CLANG_WARN_SUSPICIOUS_MOVE = YES;
				CLANG_WARN_UNGUARDED_AVAILABILITY = YES_AGGRESSIVE;
				CLANG_WARN_UNREACHABLE_CODE = YES;
				CLANG_WARN__DUPLICATE_METHOD_MATCH = YES;
				CODE_SIGN_IDENTITY = "iPhone Developer";
				COPY_PHASE_STRIP = NO;
				DEBUG_INFORMATION_FORMAT = "dwarf-with-dsym";
				ENABLE_NS_ASSERTIONS = NO;
				ENABLE_STRICT_OBJC_MSGSEND = YES;
				GCC_C_LANGUAGE_STANDARD = gnu11;
				GCC_NO_COMMON_BLOCKS = YES;
				GCC_WARN_64_TO_32_BIT_CONVERSION = YES;
				GCC_WARN_ABOUT_RETURN_TYPE = YES_ERROR;
				GCC_WARN_UNDECLARED_SELECTOR = YES;
				GCC_WARN_UNINITIALIZED_AUTOS = YES_AGGRESSIVE;
				GCC_WARN_UNUSED_FUNCTION = YES;
				GCC_WARN_UNUSED_VARIABLE = YES;
				IPHONEOS_DEPLOYMENT_TARGET = 12.4;
				MTL_ENABLE_DEBUG_INFO = NO;
				MTL_FAST_MATH = YES;
				SDKROOT = iphoneos;
				SWIFT_COMPILATION_MODE = wholemodule;
				SWIFT_OPTIMIZATION_LEVEL = "-O";
				VALIDATE_PRODUCT = YES;
			};
			name = Release;
		};
		994D282023BCE661000BA00B /* Debug */ = {
			isa = XCBuildConfiguration;
			buildSettings = {
				ASSETCATALOG_COMPILER_APPICON_NAME = AppIcon;
				CODE_SIGN_STYLE = Automatic;
				INFOPLIST_FILE = Navigation/Info.plist;
				LD_RUNPATH_SEARCH_PATHS = (
					"$(inherited)",
					"@executable_path/Frameworks",
				);
				PRODUCT_BUNDLE_IDENTIFIER = com.appcoda.Navigation;
				PRODUCT_NAME = "$(TARGET_NAME)";
				SWIFT_VERSION = 5.0;
				TARGETED_DEVICE_FAMILY = "1,2";
			};
			name = Debug;
		};
		994D282123BCE661000BA00B /* Release */ = {
			isa = XCBuildConfiguration;
			buildSettings = {
				ASSETCATALOG_COMPILER_APPICON_NAME = AppIcon;
				CODE_SIGN_STYLE = Automatic;
				INFOPLIST_FILE = Navigation/Info.plist;
				LD_RUNPATH_SEARCH_PATHS = (
					"$(inherited)",
					"@executable_path/Frameworks",
				);
				PRODUCT_BUNDLE_IDENTIFIER = com.appcoda.Navigation;
				PRODUCT_NAME = "$(TARGET_NAME)";
				SWIFT_VERSION = 5.0;
				TARGETED_DEVICE_FAMILY = "1,2";
			};
			name = Release;
		};
		994D282323BCE661000BA00B /* Debug */ = {
			isa = XCBuildConfiguration;
			buildSettings = {
				ALWAYS_EMBED_SWIFT_STANDARD_LIBRARIES = YES;
				BUNDLE_LOADER = "$(TEST_HOST)";
				CODE_SIGN_STYLE = Automatic;
				INFOPLIST_FILE = NavigationTests/Info.plist;
				LD_RUNPATH_SEARCH_PATHS = (
					"$(inherited)",
					"@executable_path/Frameworks",
					"@loader_path/Frameworks",
				);
				PRODUCT_BUNDLE_IDENTIFIER = com.appcoda.NavigationTests;
				PRODUCT_NAME = "$(TARGET_NAME)";
				SWIFT_VERSION = 5.0;
				TARGETED_DEVICE_FAMILY = "1,2";
				TEST_HOST = "$(BUILT_PRODUCTS_DIR)/Navigation.app/Navigation";
			};
			name = Debug;
		};
		994D282423BCE661000BA00B /* Release */ = {
			isa = XCBuildConfiguration;
			buildSettings = {
				ALWAYS_EMBED_SWIFT_STANDARD_LIBRARIES = YES;
				BUNDLE_LOADER = "$(TEST_HOST)";
				CODE_SIGN_STYLE = Automatic;
				INFOPLIST_FILE = NavigationTests/Info.plist;
				LD_RUNPATH_SEARCH_PATHS = (
					"$(inherited)",
					"@executable_path/Frameworks",
					"@loader_path/Frameworks",
				);
				PRODUCT_BUNDLE_IDENTIFIER = com.appcoda.NavigationTests;
				PRODUCT_NAME = "$(TARGET_NAME)";
				SWIFT_VERSION = 5.0;
				TARGETED_DEVICE_FAMILY = "1,2";
				TEST_HOST = "$(BUILT_PRODUCTS_DIR)/Navigation.app/Navigation";
			};
			name = Release;
		};
		994D282623BCE661000BA00B /* Debug */ = {
			isa = XCBuildConfiguration;
			buildSettings = {
				ALWAYS_EMBED_SWIFT_STANDARD_LIBRARIES = YES;
				CODE_SIGN_STYLE = Automatic;
				INFOPLIST_FILE = NavigationUITests/Info.plist;
				LD_RUNPATH_SEARCH_PATHS = (
					"$(inherited)",
					"@executable_path/Frameworks",
					"@loader_path/Frameworks",
				);
				PRODUCT_BUNDLE_IDENTIFIER = com.appcoda.NavigationUITests;
				PRODUCT_NAME = "$(TARGET_NAME)";
				SWIFT_VERSION = 5.0;
				TARGETED_DEVICE_FAMILY = "1,2";
				TEST_TARGET_NAME = Navigation;
			};
			name = Debug;
		};
		994D282723BCE661000BA00B /* Release */ = {
			isa = XCBuildConfiguration;
			buildSettings = {
				ALWAYS_EMBED_SWIFT_STANDARD_LIBRARIES = YES;
				CODE_SIGN_STYLE = Automatic;
				INFOPLIST_FILE = NavigationUITests/Info.plist;
				LD_RUNPATH_SEARCH_PATHS = (
					"$(inherited)",
					"@executable_path/Frameworks",
					"@loader_path/Frameworks",
				);
				PRODUCT_BUNDLE_IDENTIFIER = com.appcoda.NavigationUITests;
				PRODUCT_NAME = "$(TARGET_NAME)";
				SWIFT_VERSION = 5.0;
				TARGETED_DEVICE_FAMILY = "1,2";
				TEST_TARGET_NAME = Navigation;
			};
			name = Release;
		};
/* End XCBuildConfiguration section */

/* Begin XCConfigurationList section */
		994D27F223BCE65F000BA00B /* Build configuration list for PBXProject "Navigation" */ = {
			isa = XCConfigurationList;
			buildConfigurations = (
				994D281D23BCE661000BA00B /* Debug */,
				994D281E23BCE661000BA00B /* Release */,
			);
			defaultConfigurationIsVisible = 0;
			defaultConfigurationName = Release;
		};
		994D281F23BCE661000BA00B /* Build configuration list for PBXNativeTarget "Navigation" */ = {
			isa = XCConfigurationList;
			buildConfigurations = (
				994D282023BCE661000BA00B /* Debug */,
				994D282123BCE661000BA00B /* Release */,
			);
			defaultConfigurationIsVisible = 0;
			defaultConfigurationName = Release;
		};
		994D282223BCE661000BA00B /* Build configuration list for PBXNativeTarget "NavigationTests" */ = {
			isa = XCConfigurationList;
			buildConfigurations = (
				994D282323BCE661000BA00B /* Debug */,
				994D282423BCE661000BA00B /* Release */,
			);
			defaultConfigurationIsVisible = 0;
			defaultConfigurationName = Release;
		};
		994D282523BCE661000BA00B /* Build configuration list for PBXNativeTarget "NavigationUITests" */ = {
			isa = XCConfigurationList;
			buildConfigurations = (
				994D282623BCE661000BA00B /* Debug */,
				994D282723BCE661000BA00B /* Release */,
			);
			defaultConfigurationIsVisible = 0;
			defaultConfigurationName = Release;
		};
/* End XCConfigurationList section */
	};
	rootObject = 994D27EF23BCE65F000BA00B /* Project object */;
}
